// !$*UTF8*$!
{
	archiveVersion = 1;
	classes = {
	};
	objectVersion = 46;
	objects = {

/* Begin PBXBuildFile section */
		1A5AC2221DD3B50200A187A3 /* ApiRequestManager.swift in Sources */ = {isa = PBXBuildFile; fileRef = 1A5AC21F1DD3B50200A187A3 /* ApiRequestManager.swift */; };
		1A5AC2231DD3B50200A187A3 /* Business Factory.swift in Sources */ = {isa = PBXBuildFile; fileRef = 1A5AC2201DD3B50200A187A3 /* Business Factory.swift */; };
		1A5AC2241DD3B50200A187A3 /* Business.swift in Sources */ = {isa = PBXBuildFile; fileRef = 1A5AC2211DD3B50200A187A3 /* Business.swift */; };
		1A752EFA1DD249C500A74B86 /* AppDelegate.swift in Sources */ = {isa = PBXBuildFile; fileRef = 1A752EF91DD249C500A74B86 /* AppDelegate.swift */; };
		1A752EFF1DD249C500A74B86 /* Main.storyboard in Resources */ = {isa = PBXBuildFile; fileRef = 1A752EFD1DD249C500A74B86 /* Main.storyboard */; };
		1A752F011DD249C500A74B86 /* Assets.xcassets in Resources */ = {isa = PBXBuildFile; fileRef = 1A752F001DD249C500A74B86 /* Assets.xcassets */; };
		1A752F041DD249C500A74B86 /* LaunchScreen.storyboard in Resources */ = {isa = PBXBuildFile; fileRef = 1A752F021DD249C500A74B86 /* LaunchScreen.storyboard */; };
		1A752F0C1DD24E1E00A74B86 /* BusinessResultTableViewCell.swift in Sources */ = {isa = PBXBuildFile; fileRef = 1A752F0B1DD24E1E00A74B86 /* BusinessResultTableViewCell.swift */; };
		1A752F0F1DD26ED600A74B86 /* BusinessResultsTableViewController.swift in Sources */ = {isa = PBXBuildFile; fileRef = 1A752F0E1DD26ED600A74B86 /* BusinessResultsTableViewController.swift */; };
		70A977CA1DD3B17D006ED913 /* AccessTokenManager.swift in Sources */ = {isa = PBXBuildFile; fileRef = 70A977C91DD3B17D006ED913 /* AccessTokenManager.swift */; };
		70A977D01DD3C42D006ED913 /* AccessTokenManager.swift in Sources */ = {isa = PBXBuildFile; fileRef = 70A977CF1DD3C42D006ED913 /* AccessTokenManager.swift */; };
		70A977D61DD40196006ED913 /* Instagram Factory.swift in Sources */ = {isa = PBXBuildFile; fileRef = 70A977D51DD40196006ED913 /* Instagram Factory.swift */; };
		70C2392B1DD28C28004BCA1E /* Instagram.swift in Sources */ = {isa = PBXBuildFile; fileRef = 70C2392A1DD28C28004BCA1E /* Instagram.swift */; };
/* End PBXBuildFile section */

/* Begin PBXFileReference section */
		1A5AC21F1DD3B50200A187A3 /* ApiRequestManager.swift */ = {isa = PBXFileReference; fileEncoding = 4; lastKnownFileType = sourcecode.swift; name = ApiRequestManager.swift; path = Journey/ApiRequestManager.swift; sourceTree = "<group>"; };
		1A5AC2201DD3B50200A187A3 /* Business Factory.swift */ = {isa = PBXFileReference; fileEncoding = 4; lastKnownFileType = sourcecode.swift; name = "Business Factory.swift"; path = "Journey/Business Factory.swift"; sourceTree = "<group>"; };
		1A5AC2211DD3B50200A187A3 /* Business.swift */ = {isa = PBXFileReference; fileEncoding = 4; lastKnownFileType = sourcecode.swift; path = Business.swift; sourceTree = "<group>"; };
		1A752EF61DD249C500A74B86 /* Journey.app */ = {isa = PBXFileReference; explicitFileType = wrapper.application; includeInIndex = 0; path = Journey.app; sourceTree = BUILT_PRODUCTS_DIR; };
		1A752EF91DD249C500A74B86 /* AppDelegate.swift */ = {isa = PBXFileReference; lastKnownFileType = sourcecode.swift; path = AppDelegate.swift; sourceTree = "<group>"; };
		1A752EFE1DD249C500A74B86 /* Base */ = {isa = PBXFileReference; lastKnownFileType = file.storyboard; name = Base; path = Base.lproj/Main.storyboard; sourceTree = "<group>"; };
		1A752F001DD249C500A74B86 /* Assets.xcassets */ = {isa = PBXFileReference; lastKnownFileType = folder.assetcatalog; path = Assets.xcassets; sourceTree = "<group>"; };
		1A752F031DD249C500A74B86 /* Base */ = {isa = PBXFileReference; lastKnownFileType = file.storyboard; name = Base; path = Base.lproj/LaunchScreen.storyboard; sourceTree = "<group>"; };
		1A752F051DD249C500A74B86 /* Info.plist */ = {isa = PBXFileReference; lastKnownFileType = text.plist.xml; path = Info.plist; sourceTree = "<group>"; };
		1A752F0B1DD24E1E00A74B86 /* BusinessResultTableViewCell.swift */ = {isa = PBXFileReference; fileEncoding = 4; lastKnownFileType = sourcecode.swift; path = BusinessResultTableViewCell.swift; sourceTree = "<group>"; };
		1A752F0E1DD26ED600A74B86 /* BusinessResultsTableViewController.swift */ = {isa = PBXFileReference; fileEncoding = 4; lastKnownFileType = sourcecode.swift; path = BusinessResultsTableViewController.swift; sourceTree = "<group>"; };
		70A977C91DD3B17D006ED913 /* AccessTokenManager.swift */ = {isa = PBXFileReference; fileEncoding = 4; lastKnownFileType = sourcecode.swift; path = AccessTokenManager.swift; sourceTree = "<group>"; };
		70A977CF1DD3C42D006ED913 /* AccessTokenManager.swift */ = {isa = PBXFileReference; fileEncoding = 4; lastKnownFileType = sourcecode.swift; name = AccessTokenManager.swift; path = Journey/AccessTokenManager.swift; sourceTree = "<group>"; };
		70A977D51DD40196006ED913 /* Instagram Factory.swift */ = {isa = PBXFileReference; fileEncoding = 4; lastKnownFileType = sourcecode.swift; path = "Instagram Factory.swift"; sourceTree = "<group>"; };
		70C2392A1DD28C28004BCA1E /* Instagram.swift */ = {isa = PBXFileReference; fileEncoding = 4; lastKnownFileType = sourcecode.swift; path = Instagram.swift; sourceTree = "<group>"; };
/* End PBXFileReference section */

/* Begin PBXFrameworksBuildPhase section */
		1A752EF31DD249C500A74B86 /* Frameworks */ = {
			isa = PBXFrameworksBuildPhase;
			buildActionMask = 2147483647;
			files = (
			);
			runOnlyForDeploymentPostprocessing = 0;
		};
/* End PBXFrameworksBuildPhase section */

/* Begin PBXGroup section */
		1A5AC2251DD3B50A00A187A3 /* Factory */ = {
			isa = PBXGroup;
			children = (
				1A5AC2201DD3B50200A187A3 /* Business Factory.swift */,
				70A977D51DD40196006ED913 /* Instagram Factory.swift */,
			);
			name = Factory;
			path = ..;
			sourceTree = "<group>";
		};
		1A5AC2261DD3B51A00A187A3 /* Managers */ = {
			isa = PBXGroup;
			children = (
				70A977CF1DD3C42D006ED913 /* AccessTokenManager.swift */,
				1A5AC21F1DD3B50200A187A3 /* ApiRequestManager.swift */,
			);
			name = Managers;
			path = ..;
			sourceTree = "<group>";
		};
		1A752EED1DD249C500A74B86 = {
			isa = PBXGroup;
			children = (
				1A752EF81DD249C500A74B86 /* Journey */,
				1A752EF71DD249C500A74B86 /* Products */,
			);
			sourceTree = "<group>";
		};
		1A752EF71DD249C500A74B86 /* Products */ = {
			isa = PBXGroup;
			children = (
				1A752EF61DD249C500A74B86 /* Journey.app */,
			);
			name = Products;
			sourceTree = "<group>";
		};
		1A752EF81DD249C500A74B86 /* Journey */ = {
			isa = PBXGroup;
			children = (
				1A752EF91DD249C500A74B86 /* AppDelegate.swift */,
				1A752F0D1DD24E2600A74B86 /* View Controllers */,
				1A5AC2261DD3B51A00A187A3 /* Managers */,
				1A5AC2251DD3B50A00A187A3 /* Factory */,
				70C239281DD28999004BCA1E /* Models */,
				1A752EFD1DD249C500A74B86 /* Main.storyboard */,
				1A752F001DD249C500A74B86 /* Assets.xcassets */,
				1A752F021DD249C500A74B86 /* LaunchScreen.storyboard */,
				1A752F051DD249C500A74B86 /* Info.plist */,
			);
			path = Journey;
			sourceTree = "<group>";
		};
		1A752F0D1DD24E2600A74B86 /* View Controllers */ = {
			isa = PBXGroup;
			children = (
				1A752F0B1DD24E1E00A74B86 /* BusinessResultTableViewCell.swift */,
				1A752F0E1DD26ED600A74B86 /* BusinessResultsTableViewController.swift */,
			);
			name = "View Controllers";
			sourceTree = "<group>";
		};
		70C239281DD28999004BCA1E /* Models */ = {
			isa = PBXGroup;
			children = (
				1A5AC2211DD3B50200A187A3 /* Business.swift */,
				70C2392A1DD28C28004BCA1E /* Instagram.swift */,
			);
			name = Models;
			sourceTree = "<group>";
		};
/* End PBXGroup section */

/* Begin PBXNativeTarget section */
		1A752EF51DD249C500A74B86 /* Journey */ = {
			isa = PBXNativeTarget;
			buildConfigurationList = 1A752F081DD249C500A74B86 /* Build configuration list for PBXNativeTarget "Journey" */;
			buildPhases = (
				1A752EF21DD249C500A74B86 /* Sources */,
				1A752EF31DD249C500A74B86 /* Frameworks */,
				1A752EF41DD249C500A74B86 /* Resources */,
			);
			buildRules = (
			);
			dependencies = (
			);
			name = Journey;
			productName = Journey;
			productReference = 1A752EF61DD249C500A74B86 /* Journey.app */;
			productType = "com.apple.product-type.application";
		};
/* End PBXNativeTarget section */

/* Begin PBXProject section */
		1A752EEE1DD249C500A74B86 /* Project object */ = {
			isa = PBXProject;
			attributes = {
				LastSwiftUpdateCheck = 0800;
				LastUpgradeCheck = 0800;
				ORGANIZATIONNAME = "Jermaine Kelly";
				TargetAttributes = {
					1A752EF51DD249C500A74B86 = {
						CreatedOnToolsVersion = 8.0;
						ProvisioningStyle = Automatic;
					};
				};
			};
			buildConfigurationList = 1A752EF11DD249C500A74B86 /* Build configuration list for PBXProject "Journey" */;
			compatibilityVersion = "Xcode 3.2";
			developmentRegion = English;
			hasScannedForEncodings = 0;
			knownRegions = (
				en,
				Base,
			);
			mainGroup = 1A752EED1DD249C500A74B86;
			productRefGroup = 1A752EF71DD249C500A74B86 /* Products */;
			projectDirPath = "";
			projectRoot = "";
			targets = (
				1A752EF51DD249C500A74B86 /* Journey */,
			);
		};
/* End PBXProject section */

/* Begin PBXResourcesBuildPhase section */
		1A752EF41DD249C500A74B86 /* Resources */ = {
			isa = PBXResourcesBuildPhase;
			buildActionMask = 2147483647;
			files = (
				1A752F041DD249C500A74B86 /* LaunchScreen.storyboard in Resources */,
				1A752F011DD249C500A74B86 /* Assets.xcassets in Resources */,
				1A752EFF1DD249C500A74B86 /* Main.storyboard in Resources */,
			);
			runOnlyForDeploymentPostprocessing = 0;
		};
/* End PBXResourcesBuildPhase section */

/* Begin PBXSourcesBuildPhase section */
		1A752EF21DD249C500A74B86 /* Sources */ = {
			isa = PBXSourcesBuildPhase;
			buildActionMask = 2147483647;
			files = (
				70A977CA1DD3B17D006ED913 /* AccessTokenManager.swift in Sources */,
				1A5AC2241DD3B50200A187A3 /* Business.swift in Sources */,
				1A5AC2231DD3B50200A187A3 /* Business Factory.swift in Sources */,
				1A752F0C1DD24E1E00A74B86 /* BusinessResultTableViewCell.swift in Sources */,
				1A5AC2221DD3B50200A187A3 /* ApiRequestManager.swift in Sources */,
				1A752F0F1DD26ED600A74B86 /* BusinessResultsTableViewController.swift in Sources */,
				70A977D01DD3C42D006ED913 /* AccessTokenManager.swift in Sources */,
				1A752EFA1DD249C500A74B86 /* AppDelegate.swift in Sources */,
				70A977D61DD40196006ED913 /* Instagram Factory.swift in Sources */,
				70C2392B1DD28C28004BCA1E /* Instagram.swift in Sources */,
			);
			runOnlyForDeploymentPostprocessing = 0;
		};
/* End PBXSourcesBuildPhase section */

/* Begin PBXVariantGroup section */
		1A752EFD1DD249C500A74B86 /* Main.storyboard */ = {
			isa = PBXVariantGroup;
			children = (
				1A752EFE1DD249C500A74B86 /* Base */,
			);
			name = Main.storyboard;
			sourceTree = "<group>";
		};
		1A752F021DD249C500A74B86 /* LaunchScreen.storyboard */ = {
			isa = PBXVariantGroup;
			children = (
				1A752F031DD249C500A74B86 /* Base */,
			);
			name = LaunchScreen.storyboard;
			sourceTree = "<group>";
		};
/* End PBXVariantGroup section */

/* Begin XCBuildConfiguration section */
		1A752F061DD249C500A74B86 /* Debug */ = {
			isa = XCBuildConfiguration;
			buildSettings = {
				ALWAYS_SEARCH_USER_PATHS = NO;
				CLANG_ANALYZER_NONNULL = YES;
				CLANG_CXX_LANGUAGE_STANDARD = "gnu++0x";
				CLANG_CXX_LIBRARY = "libc++";
				CLANG_ENABLE_MODULES = YES;
				CLANG_ENABLE_OBJC_ARC = YES;
				CLANG_WARN_BOOL_CONVERSION = YES;
				CLANG_WARN_CONSTANT_CONVERSION = YES;
				CLANG_WARN_DIRECT_OBJC_ISA_USAGE = YES_ERROR;
				CLANG_WARN_DOCUMENTATION_COMMENTS = YES;
				CLANG_WARN_EMPTY_BODY = YES;
				CLANG_WARN_ENUM_CONVERSION = YES;
				CLANG_WARN_INFINITE_RECURSION = YES;
				CLANG_WARN_INT_CONVERSION = YES;
				CLANG_WARN_OBJC_ROOT_CLASS = YES_ERROR;
				CLANG_WARN_SUSPICIOUS_MOVES = YES;
				CLANG_WARN_UNREACHABLE_CODE = YES;
				CLANG_WARN__DUPLICATE_METHOD_MATCH = YES;
				"CODE_SIGN_IDENTITY[sdk=iphoneos*]" = "iPhone Developer";
				COPY_PHASE_STRIP = NO;
				DEBUG_INFORMATION_FORMAT = dwarf;
				ENABLE_STRICT_OBJC_MSGSEND = YES;
				ENABLE_TESTABILITY = YES;
				GCC_C_LANGUAGE_STANDARD = gnu99;
				GCC_DYNAMIC_NO_PIC = NO;
				GCC_NO_COMMON_BLOCKS = YES;
				GCC_OPTIMIZATION_LEVEL = 0;
				GCC_PREPROCESSOR_DEFINITIONS = (
					"DEBUG=1",
					"$(inherited)",
				);
				GCC_WARN_64_TO_32_BIT_CONVERSION = YES;
				GCC_WARN_ABOUT_RETURN_TYPE = YES_ERROR;
				GCC_WARN_UNDECLARED_SELECTOR = YES;
				GCC_WARN_UNINITIALIZED_AUTOS = YES_AGGRESSIVE;
				GCC_WARN_UNUSED_FUNCTION = YES;
				GCC_WARN_UNUSED_VARIABLE = YES;
				IPHONEOS_DEPLOYMENT_TARGET = 10.0;
				MTL_ENABLE_DEBUG_INFO = YES;
				ONLY_ACTIVE_ARCH = YES;
				SDKROOT = iphoneos;
				SWIFT_ACTIVE_COMPILATION_CONDITIONS = DEBUG;
				SWIFT_OPTIMIZATION_LEVEL = "-Onone";
				TARGETED_DEVICE_FAMILY = "1,2";
			};
			name = Debug;
		};
		1A752F071DD249C500A74B86 /* Release */ = {
			isa = XCBuildConfiguration;
			buildSettings = {
				ALWAYS_SEARCH_USER_PATHS = NO;
				CLANG_ANALYZER_NONNULL = YES;
				CLANG_CXX_LANGUAGE_STANDARD = "gnu++0x";
				CLANG_CXX_LIBRARY = "libc++";
				CLANG_ENABLE_MODULES = YES;
				CLANG_ENABLE_OBJC_ARC = YES;
				CLANG_WARN_BOOL_CONVERSION = YES;
				CLANG_WARN_CONSTANT_CONVERSION = YES;
				CLANG_WARN_DIRECT_OBJC_ISA_USAGE = YES_ERROR;
				CLANG_WARN_DOCUMENTATION_COMMENTS = YES;
				CLANG_WARN_EMPTY_BODY = YES;
				CLANG_WARN_ENUM_CONVERSION = YES;
				CLANG_WARN_INFINITE_RECURSION = YES;
				CLANG_WARN_INT_CONVERSION = YES;
				CLANG_WARN_OBJC_ROOT_CLASS = YES_ERROR;
				CLANG_WARN_SUSPICIOUS_MOVES = YES;
				CLANG_WARN_UNREACHABLE_CODE = YES;
				CLANG_WARN__DUPLICATE_METHOD_MATCH = YES;
				"CODE_SIGN_IDENTITY[sdk=iphoneos*]" = "iPhone Developer";
				COPY_PHASE_STRIP = NO;
				DEBUG_INFORMATION_FORMAT = "dwarf-with-dsym";
				ENABLE_NS_ASSERTIONS = NO;
				ENABLE_STRICT_OBJC_MSGSEND = YES;
				GCC_C_LANGUAGE_STANDARD = gnu99;
				GCC_NO_COMMON_BLOCKS = YES;
				GCC_WARN_64_TO_32_BIT_CONVERSION = YES;
				GCC_WARN_ABOUT_RETURN_TYPE = YES_ERROR;
				GCC_WARN_UNDECLARED_SELECTOR = YES;
				GCC_WARN_UNINITIALIZED_AUTOS = YES_AGGRESSIVE;
				GCC_WARN_UNUSED_FUNCTION = YES;
				GCC_WARN_UNUSED_VARIABLE = YES;
				IPHONEOS_DEPLOYMENT_TARGET = 10.0;
				MTL_ENABLE_DEBUG_INFO = NO;
				SDKROOT = iphoneos;
				SWIFT_OPTIMIZATION_LEVEL = "-Owholemodule";
				TARGETED_DEVICE_FAMILY = "1,2";
				VALIDATE_PRODUCT = YES;
			};
			name = Release;
		};
		1A752F091DD249C500A74B86 /* Debug */ = {
			isa = XCBuildConfiguration;
			buildSettings = {
				ASSETCATALOG_COMPILER_APPICON_NAME = AppIcon;
				INFOPLIST_FILE = Journey/Info.plist;
				LD_RUNPATH_SEARCH_PATHS = "$(inherited) @executable_path/Frameworks";
				PRODUCT_BUNDLE_IDENTIFIER = nyc.c4q.jermainekelly.Journey;
				PRODUCT_NAME = "$(TARGET_NAME)";
				SWIFT_VERSION = 3.0;
			};
			name = Debug;
		};
		1A752F0A1DD249C500A74B86 /* Release */ = {
			isa = XCBuildConfiguration;
			buildSettings = {
				ASSETCATALOG_COMPILER_APPICON_NAME = AppIcon;
				INFOPLIST_FILE = Journey/Info.plist;
				LD_RUNPATH_SEARCH_PATHS = "$(inherited) @executable_path/Frameworks";
				PRODUCT_BUNDLE_IDENTIFIER = nyc.c4q.jermainekelly.Journey;
				PRODUCT_NAME = "$(TARGET_NAME)";
				SWIFT_VERSION = 3.0;
			};
			name = Release;
		};
/* End XCBuildConfiguration section */

/* Begin XCConfigurationList section */
		1A752EF11DD249C500A74B86 /* Build configuration list for PBXProject "Journey" */ = {
			isa = XCConfigurationList;
			buildConfigurations = (
				1A752F061DD249C500A74B86 /* Debug */,
				1A752F071DD249C500A74B86 /* Release */,
			);
			defaultConfigurationIsVisible = 0;
			defaultConfigurationName = Release;
		};
		1A752F081DD249C500A74B86 /* Build configuration list for PBXNativeTarget "Journey" */ = {
			isa = XCConfigurationList;
			buildConfigurations = (
				1A752F091DD249C500A74B86 /* Debug */,
				1A752F0A1DD249C500A74B86 /* Release */,
			);
			defaultConfigurationIsVisible = 0;
			defaultConfigurationName = Release;
		};
/* End XCConfigurationList section */
	};
	rootObject = 1A752EEE1DD249C500A74B86 /* Project object */;
}
